NeoBundleLock indentLine 47648734706fb2cd0e4d4350f12157d1e5f4c465
NeoBundleLock lightline.vim 83ae633be323a7fb5baf77e493232cf3358d02bf
NeoBundleLock neobundle.vim 1306c131ff0a6cc094b7ff0727350e442b5427f1
NeoBundleLock neocomplcache 778181767467b8f8016828898779a646074d883a
NeoBundleLock neocomplete.vim 5f3e213c629b7fe1aa3723bf56fe3ead5555a526
NeoBundleLock neosnippet 3d3362622ef10deedaea8e026054064bf62aeb33
NeoBundleLock neosnippet-snippets ed18d979d76709036f6c4f7a2bdbfb29b11e3e0e
NeoBundleLock vim-trailing-whitespace 4c596548216b7c19971f8fc94e38ef1a2b55fee6
